
Microsoft Visual Studio Solution File, Format Version 12.00
# Visual Studio Version 16
VisualStudioVersion = 16.0.32413.511
MinimumVisualStudioVersion = 10.0.40219.1
Project("{FAE04EC0-301F-11D3-BF4B-00C04F79EFBC}") = "seleniumconcept", "seleniumconcept\seleniumconcept.csproj", "{0294949C-F378-45A0-8F9A-0EA585CA550D}"
EndProject
Global
	GlobalSection(SolutionConfigurationPlatforms) = preSolution
		Debug|Any CPU = Debug|Any CPU
		Release|Any CPU = Release|Any CPU
	EndGlobalSection
	GlobalSection(ProjectConfigurationPlatforms) = postSolution
		{0294949C-F378-45A0-8F9A-0EA585CA550D}.Debug|Any CPU.ActiveCfg = Debug|Any CPU
		{0294949C-F378-45A0-8F9A-0EA585CA550D}.Debug|Any CPU.Build.0 = Debug|Any CPU
		{0294949C-F378-45A0-8F9A-0EA585CA550D}.Release|Any CPU.ActiveCfg = Release|Any CPU
		{0294949C-F378-45A0-8F9A-0EA585CA550D}.Release|Any CPU.Build.0 = Release|Any CPU
	EndGlobalSection
	GlobalSection(SolutionProperties) = preSolution
		HideSolutionNode = FALSE
	EndGlobalSection
	GlobalSection(ExtensibilityGlobals) = postSolution
		SolutionGuid = {EAC2F5D4-3464-4F50-A675-DFFBE7038EEA}
	EndGlobalSection
EndGlobal
